Microsoft Visual Studio Solution File, Format Version 12.00
# Visual Studio Version 17
VisualStudioVersion = 17.5.2.0
MinimumVisualStudioVersion = 10.0.40219.1
Project("{FAE04EC0-301F-11D3-BF4B-00C04F79EFBC}") = "GraphApi", "GraphApi.csproj", "{71B9FC67-CD7C-5047-6679-7CBBF8FC4FB1}"
EndProject
Global
	GlobalSection(SolutionConfigurationPlatforms) = preSolution
		Debug|Any CPU = Debug|Any CPU
		Release|Any CPU = Release|Any CPU
	EndGlobalSection
	GlobalSection(ProjectConfigurationPlatforms) = postSolution
		{71B9FC67-CD7C-5047-6679-7CBBF8FC4FB1}.Debug|Any CPU.ActiveCfg = Debug|Any CPU
		{71B9FC67-CD7C-5047-6679-7CBBF8FC4FB1}.Debug|Any CPU.Build.0 = Debug|Any CPU
		{71B9FC67-CD7C-5047-6679-7CBBF8FC4FB1}.Release|Any CPU.ActiveCfg = Release|Any CPU
		{71B9FC67-CD7C-5047-6679-7CBBF8FC4FB1}.Release|Any CPU.Build.0 = Release|Any CPU
	EndGlobalSection
	GlobalSection(SolutionProperties) = preSolution
		HideSolutionNode = FALSE
	EndGlobalSection
	GlobalSection(ExtensibilityGlobals) = postSolution
		SolutionGuid = {82374692-88E4-4CA0-B601-504466D71A28}
	EndGlobalSection
EndGlobal
