Microsoft Visual Studio Solution File, Format Version 12.00
# Visual Studio Version 17
VisualStudioVersion = 17.5.2.0
MinimumVisualStudioVersion = 10.0.40219.1
Project("{FAE04EC0-301F-11D3-BF4B-00C04F79EFBC}") = "AlgoApi", "AlgoApi.csproj", "{CCE76FB3-2188-70F3-BA86-33AA554529CE}"
EndProject
Global
	GlobalSection(SolutionConfigurationPlatforms) = preSolution
		Debug|Any CPU = Debug|Any CPU
		Release|Any CPU = Release|Any CPU
	EndGlobalSection
	GlobalSection(ProjectConfigurationPlatforms) = postSolution
		{CCE76FB3-2188-70F3-BA86-33AA554529CE}.Debug|Any CPU.ActiveCfg = Debug|Any CPU
		{CCE76FB3-2188-70F3-BA86-33AA554529CE}.Debug|Any CPU.Build.0 = Debug|Any CPU
		{CCE76FB3-2188-70F3-BA86-33AA554529CE}.Release|Any CPU.ActiveCfg = Release|Any CPU
		{CCE76FB3-2188-70F3-BA86-33AA554529CE}.Release|Any CPU.Build.0 = Release|Any CPU
	EndGlobalSection
	GlobalSection(SolutionProperties) = preSolution
		HideSolutionNode = FALSE
	EndGlobalSection
	GlobalSection(ExtensibilityGlobals) = postSolution
		SolutionGuid = {73071442-CA50-477F-90EE-8C4A5F877BBC}
	EndGlobalSection
EndGlobal
